
Microsoft Visual Studio Solution File, Format Version 12.00
# Visual Studio 2013
VisualStudioVersion = 12.0.30723.0
MinimumVisualStudioVersion = 10.0.40219.1
Project("{FAE04EC0-301F-11D3-BF4B-00C04F79EFBC}") = "ClaimsTodoApp", "ClaimsTodoApp\ClaimsTodoApp.csproj", "{BE47CE80-36EA-4691-B4F4-2A08B25046F9}"
EndProject
Project("{FAE04EC0-301F-11D3-BF4B-00C04F79EFBC}") = "TodoApi", "OAuthTodoApi\TodoApi.csproj", "{941948EE-A355-455C-88AE-44E326284C0E}"
EndProject
Global
	GlobalSection(SolutionConfigurationPlatforms) = preSolution
		Debug|Any CPU = Debug|Any CPU
		Release|Any CPU = Release|Any CPU
	EndGlobalSection
	GlobalSection(ProjectConfigurationPlatforms) = postSolution
		{BE47CE80-36EA-4691-B4F4-2A08B25046F9}.Debug|Any CPU.ActiveCfg = Debug|Any CPU
		{BE47CE80-36EA-4691-B4F4-2A08B25046F9}.Debug|Any CPU.Build.0 = Debug|Any CPU
		{BE47CE80-36EA-4691-B4F4-2A08B25046F9}.Release|Any CPU.ActiveCfg = Release|Any CPU
		{BE47CE80-36EA-4691-B4F4-2A08B25046F9}.Release|Any CPU.Build.0 = Release|Any CPU
		{941948EE-A355-455C-88AE-44E326284C0E}.Debug|Any CPU.ActiveCfg = Debug|Any CPU
		{941948EE-A355-455C-88AE-44E326284C0E}.Debug|Any CPU.Build.0 = Debug|Any CPU
		{941948EE-A355-455C-88AE-44E326284C0E}.Release|Any CPU.ActiveCfg = Release|Any CPU
		{941948EE-A355-455C-88AE-44E326284C0E}.Release|Any CPU.Build.0 = Release|Any CPU
	EndGlobalSection
	GlobalSection(SolutionProperties) = preSolution
		HideSolutionNode = FALSE
	EndGlobalSection
EndGlobal
